github.com/hashicorp/go-slug v0.14.0 h1:/aZdUDjR74TSlsQp3hA9nqhCQkQHAUr2jjtuUfWqI9E=
github.com/hashicorp/go-slug v0.14.0/go.mod h1:THWVTAXwJEinbsp4/bBRcmbaO5EYNLTqxbG4tZ3gCYQ=
golang.org/x/sys v0.13.0 h1:Af8nKPmuFypiUBjVoU9V20FiaFXOcuZI21p0ycVYYGE=
golang.org/x/sys v0.13.0/go.mod h1:oPkhp1MJrh7nUepCBck5+mAzfO9JrbApNNgaTdGDITg=
